
Microsoft Visual Studio Solution File, Format Version 10.00
# Visual Studio 2008
Project("{2150E333-8FDC-42A3-9474-1A3956D46DE8}") = "Solution Items", "Solution Items", "{DBFB9E97-1251-4B26-BC51-24F6FE727759}"
EndProject
Project("{FAE04EC0-301F-11D3-BF4B-00C04F79EFBC}") = "Tripodmaps", "ShapeFileTools\Tripodmaps.csproj", "{9B44F499-6935-4FD7-8078-4FAEEEDA1CF4}"
EndProject
Project("{FAE04EC0-301F-11D3-BF4B-00C04F79EFBC}") = "Tripodmaps.Reader", "egis.ShapeFileLib\Tripodmaps.Reader.csproj", "{C89DEB9B-4DCA-4792-B216-F00808606AF7}"
EndProject
Project("{FAE04EC0-301F-11D3-BF4B-00C04F79EFBC}") = "Tripodmaps.Viewer", "egis.controls\Tripodmaps.Viewer.csproj", "{EB97525D-0906-4A14-A995-93667B565521}"
EndProject
Project("{FAE04EC0-301F-11D3-BF4B-00C04F79EFBC}") = "TRIP_API", "TRIP_API\TRIP_API.csproj", "{B0551FB3-0B35-4BB3-B287-D7B414A906C2}"
EndProject
Project("{FAE04EC0-301F-11D3-BF4B-00C04F79EFBC}") = "Npgsql2008", "Npgsql2.0.11.src\Npgsql2.0.11.src\src\Npgsql2008.csproj", "{9D13B739-62B1-4190-B386-7A9547304EB3}"
EndProject
Project("{FAE04EC0-301F-11D3-BF4B-00C04F79EFBC}") = "XPPanel", "XPPanel\XPPanel.csproj", "{8B656A5B-3371-461B-86BA-61F5EA96DBB2}"
EndProject
Project("{F184B08F-C81C-45F6-A57F-5ABD9991F28F}") = "PDFView", "PDFView\PDFView.vbproj", "{170D7D1B-61B9-4E8B-9CD3-88350725379F}"
EndProject
Global
	GlobalSection(SolutionConfigurationPlatforms) = preSolution
		Debug|Any CPU = Debug|Any CPU
		Debug|x64 = Debug|x64
		Debug|x86 = Debug|x86
		DebugEF|Any CPU = DebugEF|Any CPU
		DebugEF|x64 = DebugEF|x64
		DebugEF|x86 = DebugEF|x86
		Release|Any CPU = Release|Any CPU
		Release|x64 = Release|x64
		Release|x86 = Release|x86
		ReleaseEF|Any CPU = ReleaseEF|Any CPU
		ReleaseEF|x64 = ReleaseEF|x64
		ReleaseEF|x86 = ReleaseEF|x86
	EndGlobalSection
	GlobalSection(ProjectConfigurationPlatforms) = postSolution
		{9B44F499-6935-4FD7-8078-4FAEEEDA1CF4}.Debug|Any CPU.ActiveCfg = Debug|Any CPU
		{9B44F499-6935-4FD7-8078-4FAEEEDA1CF4}.Debug|Any CPU.Build.0 = Debug|Any CPU
		{9B44F499-6935-4FD7-8078-4FAEEEDA1CF4}.Debug|x64.ActiveCfg = Debug|Any CPU
		{9B44F499-6935-4FD7-8078-4FAEEEDA1CF4}.Debug|x64.Build.0 = Debug|Any CPU
		{9B44F499-6935-4FD7-8078-4FAEEEDA1CF4}.Debug|x86.ActiveCfg = Debug|x86
		{9B44F499-6935-4FD7-8078-4FAEEEDA1CF4}.Debug|x86.Build.0 = Debug|x86
		{9B44F499-6935-4FD7-8078-4FAEEEDA1CF4}.DebugEF|Any CPU.ActiveCfg = Debug|x86
		{9B44F499-6935-4FD7-8078-4FAEEEDA1CF4}.DebugEF|x64.ActiveCfg = Debug|x86
		{9B44F499-6935-4FD7-8078-4FAEEEDA1CF4}.DebugEF|x86.ActiveCfg = Debug|x86
		{9B44F499-6935-4FD7-8078-4FAEEEDA1CF4}.DebugEF|x86.Build.0 = Debug|x86
		{9B44F499-6935-4FD7-8078-4FAEEEDA1CF4}.Release|Any CPU.ActiveCfg = Release|Any CPU
		{9B44F499-6935-4FD7-8078-4FAEEEDA1CF4}.Release|Any CPU.Build.0 = Release|Any CPU
		{9B44F499-6935-4FD7-8078-4FAEEEDA1CF4}.Release|x64.ActiveCfg = Release|x64
		{9B44F499-6935-4FD7-8078-4FAEEEDA1CF4}.Release|x64.Build.0 = Release|x64
		{9B44F499-6935-4FD7-8078-4FAEEEDA1CF4}.Release|x86.ActiveCfg = Release|x86
		{9B44F499-6935-4FD7-8078-4FAEEEDA1CF4}.Release|x86.Build.0 = Release|x86
		{9B44F499-6935-4FD7-8078-4FAEEEDA1CF4}.ReleaseEF|Any CPU.ActiveCfg = Release|x86
		{9B44F499-6935-4FD7-8078-4FAEEEDA1CF4}.ReleaseEF|x64.ActiveCfg = Release|x86
		{9B44F499-6935-4FD7-8078-4FAEEEDA1CF4}.ReleaseEF|x86.ActiveCfg = Release|x86
		{9B44F499-6935-4FD7-8078-4FAEEEDA1CF4}.ReleaseEF|x86.Build.0 = Release|x86
		{C89DEB9B-4DCA-4792-B216-F00808606AF7}.Debug|Any CPU.ActiveCfg = Debug|Any CPU
		{C89DEB9B-4DCA-4792-B216-F00808606AF7}.Debug|Any CPU.Build.0 = Debug|Any CPU
		{C89DEB9B-4DCA-4792-B216-F00808606AF7}.Debug|x64.ActiveCfg = Debug|Any CPU
		{C89DEB9B-4DCA-4792-B216-F00808606AF7}.Debug|x64.Build.0 = Debug|Any CPU
		{C89DEB9B-4DCA-4792-B216-F00808606AF7}.Debug|x86.ActiveCfg = Debug|x86
		{C89DEB9B-4DCA-4792-B216-F00808606AF7}.Debug|x86.Build.0 = Debug|x86
		{C89DEB9B-4DCA-4792-B216-F00808606AF7}.DebugEF|Any CPU.ActiveCfg = Debug|x86
		{C89DEB9B-4DCA-4792-B216-F00808606AF7}.DebugEF|x64.ActiveCfg = Debug|x86
		{C89DEB9B-4DCA-4792-B216-F00808606AF7}.DebugEF|x86.ActiveCfg = Debug|x86
		{C89DEB9B-4DCA-4792-B216-F00808606AF7}.DebugEF|x86.Build.0 = Debug|x86
		{C89DEB9B-4DCA-4792-B216-F00808606AF7}.Release|Any CPU.ActiveCfg = Release|Any CPU
		{C89DEB9B-4DCA-4792-B216-F00808606AF7}.Release|Any CPU.Build.0 = Release|Any CPU
		{C89DEB9B-4DCA-4792-B216-F00808606AF7}.Release|x64.ActiveCfg = Release|x64
		{C89DEB9B-4DCA-4792-B216-F00808606AF7}.Release|x64.Build.0 = Release|x64
		{C89DEB9B-4DCA-4792-B216-F00808606AF7}.Release|x86.ActiveCfg = Release|x86
		{C89DEB9B-4DCA-4792-B216-F00808606AF7}.Release|x86.Build.0 = Release|x86
		{C89DEB9B-4DCA-4792-B216-F00808606AF7}.ReleaseEF|Any CPU.ActiveCfg = Release|x86
		{C89DEB9B-4DCA-4792-B216-F00808606AF7}.ReleaseEF|x64.ActiveCfg = Release|x86
		{C89DEB9B-4DCA-4792-B216-F00808606AF7}.ReleaseEF|x86.ActiveCfg = Release|x86
		{C89DEB9B-4DCA-4792-B216-F00808606AF7}.ReleaseEF|x86.Build.0 = Release|x86
		{EB97525D-0906-4A14-A995-93667B565521}.Debug|Any CPU.ActiveCfg = Debug|Any CPU
		{EB97525D-0906-4A14-A995-93667B565521}.Debug|Any CPU.Build.0 = Debug|Any CPU
		{EB97525D-0906-4A14-A995-93667B565521}.Debug|x64.ActiveCfg = Debug|Any CPU
		{EB97525D-0906-4A14-A995-93667B565521}.Debug|x64.Build.0 = Debug|Any CPU
		{EB97525D-0906-4A14-A995-93667B565521}.Debug|x86.ActiveCfg = Debug|x86
		{EB97525D-0906-4A14-A995-93667B565521}.Debug|x86.Build.0 = Debug|x86
		{EB97525D-0906-4A14-A995-93667B565521}.DebugEF|Any CPU.ActiveCfg = Debug|x86
		{EB97525D-0906-4A14-A995-93667B565521}.DebugEF|x64.ActiveCfg = Debug|x86
		{EB97525D-0906-4A14-A995-93667B565521}.DebugEF|x86.ActiveCfg = Debug|x86
		{EB97525D-0906-4A14-A995-93667B565521}.DebugEF|x86.Build.0 = Debug|x86
		{EB97525D-0906-4A14-A995-93667B565521}.Release|Any CPU.ActiveCfg = Release|Any CPU
		{EB97525D-0906-4A14-A995-93667B565521}.Release|Any CPU.Build.0 = Release|Any CPU
		{EB97525D-0906-4A14-A995-93667B565521}.Release|x64.ActiveCfg = Release|x64
		{EB97525D-0906-4A14-A995-93667B565521}.Release|x64.Build.0 = Release|x64
		{EB97525D-0906-4A14-A995-93667B565521}.Release|x86.ActiveCfg = Release|x86
		{EB97525D-0906-4A14-A995-93667B565521}.Release|x86.Build.0 = Release|x86
		{EB97525D-0906-4A14-A995-93667B565521}.ReleaseEF|Any CPU.ActiveCfg = Release|x86
		{EB97525D-0906-4A14-A995-93667B565521}.ReleaseEF|x64.ActiveCfg = Release|x86
		{EB97525D-0906-4A14-A995-93667B565521}.ReleaseEF|x86.ActiveCfg = Release|x86
		{EB97525D-0906-4A14-A995-93667B565521}.ReleaseEF|x86.Build.0 = Release|x86
		{B0551FB3-0B35-4BB3-B287-D7B414A906C2}.Debug|Any CPU.ActiveCfg = Debug|Any CPU
		{B0551FB3-0B35-4BB3-B287-D7B414A906C2}.Debug|Any CPU.Build.0 = Debug|Any CPU
		{B0551FB3-0B35-4BB3-B287-D7B414A906C2}.Debug|x64.ActiveCfg = Debug|Any CPU
		{B0551FB3-0B35-4BB3-B287-D7B414A906C2}.Debug|x86.ActiveCfg = Debug|Any CPU
		{B0551FB3-0B35-4BB3-B287-D7B414A906C2}.DebugEF|Any CPU.ActiveCfg = Debug|Any CPU
		{B0551FB3-0B35-4BB3-B287-D7B414A906C2}.DebugEF|Any CPU.Build.0 = Debug|Any CPU
		{B0551FB3-0B35-4BB3-B287-D7B414A906C2}.DebugEF|x64.ActiveCfg = Debug|Any CPU
		{B0551FB3-0B35-4BB3-B287-D7B414A906C2}.DebugEF|x86.ActiveCfg = Debug|Any CPU
		{B0551FB3-0B35-4BB3-B287-D7B414A906C2}.Release|Any CPU.ActiveCfg = Release|Any CPU
		{B0551FB3-0B35-4BB3-B287-D7B414A906C2}.Release|Any CPU.Build.0 = Release|Any CPU
		{B0551FB3-0B35-4BB3-B287-D7B414A906C2}.Release|x64.ActiveCfg = Release|Any CPU
		{B0551FB3-0B35-4BB3-B287-D7B414A906C2}.Release|x86.ActiveCfg = Release|Any CPU
		{B0551FB3-0B35-4BB3-B287-D7B414A906C2}.ReleaseEF|Any CPU.ActiveCfg = Release|Any CPU
		{B0551FB3-0B35-4BB3-B287-D7B414A906C2}.ReleaseEF|Any CPU.Build.0 = Release|Any CPU
		{B0551FB3-0B35-4BB3-B287-D7B414A906C2}.ReleaseEF|x64.ActiveCfg = Release|Any CPU
		{B0551FB3-0B35-4BB3-B287-D7B414A906C2}.ReleaseEF|x86.ActiveCfg = Release|Any CPU
		{9D13B739-62B1-4190-B386-7A9547304EB3}.Debug|Any CPU.ActiveCfg = Debug|Any CPU
		{9D13B739-62B1-4190-B386-7A9547304EB3}.Debug|Any CPU.Build.0 = Debug|Any CPU
		{9D13B739-62B1-4190-B386-7A9547304EB3}.Debug|x64.ActiveCfg = Debug|Any CPU
		{9D13B739-62B1-4190-B386-7A9547304EB3}.Debug|x86.ActiveCfg = Debug|Any CPU
		{9D13B739-62B1-4190-B386-7A9547304EB3}.DebugEF|Any CPU.ActiveCfg = DebugEF|Any CPU
		{9D13B739-62B1-4190-B386-7A9547304EB3}.DebugEF|Any CPU.Build.0 = DebugEF|Any CPU
		{9D13B739-62B1-4190-B386-7A9547304EB3}.DebugEF|x64.ActiveCfg = DebugEF|Any CPU
		{9D13B739-62B1-4190-B386-7A9547304EB3}.DebugEF|x86.ActiveCfg = DebugEF|Any CPU
		{9D13B739-62B1-4190-B386-7A9547304EB3}.Release|Any CPU.ActiveCfg = Release|Any CPU
		{9D13B739-62B1-4190-B386-7A9547304EB3}.Release|Any CPU.Build.0 = Release|Any CPU
		{9D13B739-62B1-4190-B386-7A9547304EB3}.Release|x64.ActiveCfg = Release|Any CPU
		{9D13B739-62B1-4190-B386-7A9547304EB3}.Release|x86.ActiveCfg = Release|Any CPU
		{9D13B739-62B1-4190-B386-7A9547304EB3}.ReleaseEF|Any CPU.ActiveCfg = ReleaseEF|Any CPU
		{9D13B739-62B1-4190-B386-7A9547304EB3}.ReleaseEF|Any CPU.Build.0 = ReleaseEF|Any CPU
		{9D13B739-62B1-4190-B386-7A9547304EB3}.ReleaseEF|x64.ActiveCfg = ReleaseEF|Any CPU
		{9D13B739-62B1-4190-B386-7A9547304EB3}.ReleaseEF|x86.ActiveCfg = ReleaseEF|Any CPU
		{8B656A5B-3371-461B-86BA-61F5EA96DBB2}.Debug|Any CPU.ActiveCfg = Debug|Any CPU
		{8B656A5B-3371-461B-86BA-61F5EA96DBB2}.Debug|Any CPU.Build.0 = Debug|Any CPU
		{8B656A5B-3371-461B-86BA-61F5EA96DBB2}.Debug|x64.ActiveCfg = Debug|Any CPU
		{8B656A5B-3371-461B-86BA-61F5EA96DBB2}.Debug|x86.ActiveCfg = Debug|Any CPU
		{8B656A5B-3371-461B-86BA-61F5EA96DBB2}.DebugEF|Any CPU.ActiveCfg = Debug|Any CPU
		{8B656A5B-3371-461B-86BA-61F5EA96DBB2}.DebugEF|Any CPU.Build.0 = Debug|Any CPU
		{8B656A5B-3371-461B-86BA-61F5EA96DBB2}.DebugEF|x64.ActiveCfg = Debug|Any CPU
		{8B656A5B-3371-461B-86BA-61F5EA96DBB2}.DebugEF|x86.ActiveCfg = Debug|Any CPU
		{8B656A5B-3371-461B-86BA-61F5EA96DBB2}.Release|Any CPU.ActiveCfg = Release|Any CPU
		{8B656A5B-3371-461B-86BA-61F5EA96DBB2}.Release|Any CPU.Build.0 = Release|Any CPU
		{8B656A5B-3371-461B-86BA-61F5EA96DBB2}.Release|x64.ActiveCfg = Release|Any CPU
		{8B656A5B-3371-461B-86BA-61F5EA96DBB2}.Release|x86.ActiveCfg = Release|Any CPU
		{8B656A5B-3371-461B-86BA-61F5EA96DBB2}.ReleaseEF|Any CPU.ActiveCfg = Release|Any CPU
		{8B656A5B-3371-461B-86BA-61F5EA96DBB2}.ReleaseEF|Any CPU.Build.0 = Release|Any CPU
		{8B656A5B-3371-461B-86BA-61F5EA96DBB2}.ReleaseEF|x64.ActiveCfg = Release|Any CPU
		{8B656A5B-3371-461B-86BA-61F5EA96DBB2}.ReleaseEF|x86.ActiveCfg = Release|Any CPU
		{170D7D1B-61B9-4E8B-9CD3-88350725379F}.Debug|Any CPU.ActiveCfg = Debug|Any CPU
		{170D7D1B-61B9-4E8B-9CD3-88350725379F}.Debug|Any CPU.Build.0 = Debug|Any CPU
		{170D7D1B-61B9-4E8B-9CD3-88350725379F}.Debug|x64.ActiveCfg = Debug|Any CPU
		{170D7D1B-61B9-4E8B-9CD3-88350725379F}.Debug|x86.ActiveCfg = Debug|Any CPU
		{170D7D1B-61B9-4E8B-9CD3-88350725379F}.DebugEF|Any CPU.ActiveCfg = Debug|Any CPU
		{170D7D1B-61B9-4E8B-9CD3-88350725379F}.DebugEF|Any CPU.Build.0 = Debug|Any CPU
		{170D7D1B-61B9-4E8B-9CD3-88350725379F}.DebugEF|x64.ActiveCfg = Debug|Any CPU
		{170D7D1B-61B9-4E8B-9CD3-88350725379F}.DebugEF|x86.ActiveCfg = Debug|Any CPU
		{170D7D1B-61B9-4E8B-9CD3-88350725379F}.Release|Any CPU.ActiveCfg = Release|Any CPU
		{170D7D1B-61B9-4E8B-9CD3-88350725379F}.Release|Any CPU.Build.0 = Release|Any CPU
		{170D7D1B-61B9-4E8B-9CD3-88350725379F}.Release|x64.ActiveCfg = Release|Any CPU
		{170D7D1B-61B9-4E8B-9CD3-88350725379F}.Release|x86.ActiveCfg = Release|Any CPU
		{170D7D1B-61B9-4E8B-9CD3-88350725379F}.ReleaseEF|Any CPU.ActiveCfg = Release|Any CPU
		{170D7D1B-61B9-4E8B-9CD3-88350725379F}.ReleaseEF|Any CPU.Build.0 = Release|Any CPU
		{170D7D1B-61B9-4E8B-9CD3-88350725379F}.ReleaseEF|x64.ActiveCfg = Release|Any CPU
		{170D7D1B-61B9-4E8B-9CD3-88350725379F}.ReleaseEF|x86.ActiveCfg = Release|Any CPU
	EndGlobalSection
	GlobalSection(SolutionProperties) = preSolution
		HideSolutionNode = FALSE
	EndGlobalSection
EndGlobal
